// !$*UTF8*$!
{
	archiveVersion = 1;
	classes = {
	};
	objectVersion = 50;
	objects = {

/* Begin PBXBuildFile section */
		52185C7626147B2100F11C05 /* NSImage.swift in Sources */ = {isa = PBXBuildFile; fileRef = 52185C7526147B2100F11C05 /* NSImage.swift */; };
		5242F3D626131FFE00E305E4 /* CATransaction.swift in Sources */ = {isa = PBXBuildFile; fileRef = 5242F3D526131FFE00E305E4 /* CATransaction.swift */; };
		5242F3DE26133DC600E305E4 /* NSColor.swift in Sources */ = {isa = PBXBuildFile; fileRef = 5242F3DD26133DC600E305E4 /* NSColor.swift */; };
		5242F3E626135D7500E305E4 /* NSApplication.swift in Sources */ = {isa = PBXBuildFile; fileRef = 5242F3E526135D7500E305E4 /* NSApplication.swift */; };
		52FB371D260E1FD700F74B75 /* AppDelegate.swift in Sources */ = {isa = PBXBuildFile; fileRef = 52FB371C260E1FD700F74B75 /* AppDelegate.swift */; };
		52FB371F260E1FD700F74B75 /* ViewController.swift in Sources */ = {isa = PBXBuildFile; fileRef = 52FB371E260E1FD700F74B75 /* ViewController.swift */; };
		52FB3721260E1FD800F74B75 /* Assets.xcassets in Resources */ = {isa = PBXBuildFile; fileRef = 52FB3720260E1FD800F74B75 /* Assets.xcassets */; };
		52FB3724260E1FD800F74B75 /* Main.storyboard in Resources */ = {isa = PBXBuildFile; fileRef = 52FB3722260E1FD800F74B75 /* Main.storyboard */; };
		52FB3730260E1FD800F74B75 /* SegmentedControlTests.swift in Sources */ = {isa = PBXBuildFile; fileRef = 52FB372F260E1FD800F74B75 /* SegmentedControlTests.swift */; };
		52FB374C260E200100F74B75 /* SegmentedControl.swift in Sources */ = {isa = PBXBuildFile; fileRef = 52FB374B260E200100F74B75 /* SegmentedControl.swift */; };
/* End PBXBuildFile section */

/* Begin PBXContainerItemProxy section */
		52FB372C260E1FD800F74B75 /* PBXContainerItemProxy */ = {
			isa = PBXContainerItemProxy;
			containerPortal = 52FB3711260E1FD700F74B75 /* Project object */;
			proxyType = 1;
			remoteGlobalIDString = 52FB3718260E1FD700F74B75;
			remoteInfo = SegmentedControl;
		};
/* End PBXContainerItemProxy section */

/* Begin PBXFileReference section */
		52185C7526147B2100F11C05 /* NSImage.swift */ = {isa = PBXFileReference; lastKnownFileType = sourcecode.swift; path = NSImage.swift; sourceTree = "<group>"; };
		5242F3D526131FFE00E305E4 /* CATransaction.swift */ = {isa = PBXFileReference; lastKnownFileType = sourcecode.swift; path = CATransaction.swift; sourceTree = "<group>"; };
		5242F3DD26133DC600E305E4 /* NSColor.swift */ = {isa = PBXFileReference; lastKnownFileType = sourcecode.swift; path = NSColor.swift; sourceTree = "<group>"; };
		5242F3E526135D7500E305E4 /* NSApplication.swift */ = {isa = PBXFileReference; lastKnownFileType = sourcecode.swift; path = NSApplication.swift; sourceTree = "<group>"; };
		52FB3719260E1FD700F74B75 /* SegmentedControl.app */ = {isa = PBXFileReference; explicitFileType = wrapper.application; includeInIndex = 0; path = SegmentedControl.app; sourceTree = BUILT_PRODUCTS_DIR; };
		52FB371C260E1FD700F74B75 /* AppDelegate.swift */ = {isa = PBXFileReference; lastKnownFileType = sourcecode.swift; path = AppDelegate.swift; sourceTree = "<group>"; };
		52FB371E260E1FD700F74B75 /* ViewController.swift */ = {isa = PBXFileReference; lastKnownFileType = sourcecode.swift; path = ViewController.swift; sourceTree = "<group>"; };
		52FB3720260E1FD800F74B75 /* Assets.xcassets */ = {isa = PBXFileReference; lastKnownFileType = folder.assetcatalog; path = Assets.xcassets; sourceTree = "<group>"; };
		52FB3723260E1FD800F74B75 /* Base */ = {isa = PBXFileReference; lastKnownFileType = file.storyboard; name = Base; path = Base.lproj/Main.storyboard; sourceTree = "<group>"; };
		52FB3725260E1FD800F74B75 /* Info.plist */ = {isa = PBXFileReference; lastKnownFileType = text.plist.xml; path = Info.plist; sourceTree = "<group>"; };
		52FB3726260E1FD800F74B75 /* SegmentedControl.entitlements */ = {isa = PBXFileReference; lastKnownFileType = text.plist.entitlements; path = SegmentedControl.entitlements; sourceTree = "<group>"; };
		52FB372B260E1FD800F74B75 /* SegmentedControlTests.xctest */ = {isa = PBXFileReference; explicitFileType = wrapper.cfbundle; includeInIndex = 0; path = SegmentedControlTests.xctest; sourceTree = BUILT_PRODUCTS_DIR; };
		52FB372F260E1FD800F74B75 /* SegmentedControlTests.swift */ = {isa = PBXFileReference; lastKnownFileType = sourcecode.swift; path = SegmentedControlTests.swift; sourceTree = "<group>"; };
		52FB3731260E1FD800F74B75 /* Info.plist */ = {isa = PBXFileReference; lastKnownFileType = text.plist.xml; path = Info.plist; sourceTree = "<group>"; };
		52FB374B260E200100F74B75 /* SegmentedControl.swift */ = {isa = PBXFileReference; lastKnownFileType = sourcecode.swift; path = SegmentedControl.swift; sourceTree = "<group>"; };
/* End PBXFileReference section */

/* Begin PBXFrameworksBuildPhase section */
		52FB3716260E1FD700F74B75 /* Frameworks */ = {
			isa = PBXFrameworksBuildPhase;
			buildActionMask = 2147483647;
			files = (
			);
			runOnlyForDeploymentPostprocessing = 0;
		};
		52FB3728260E1FD800F74B75 /* Frameworks */ = {
			isa = PBXFrameworksBuildPhase;
			buildActionMask = 2147483647;
			files = (
			);
			runOnlyForDeploymentPostprocessing = 0;
		};
/* End PBXFrameworksBuildPhase section */

/* Begin PBXGroup section */
		5242F3E226133DD700E305E4 /* Extensions */ = {
			isa = PBXGroup;
			children = (
				5242F3D526131FFE00E305E4 /* CATransaction.swift */,
				5242F3E526135D7500E305E4 /* NSApplication.swift */,
				5242F3DD26133DC600E305E4 /* NSColor.swift */,
				52185C7526147B2100F11C05 /* NSImage.swift */,
			);
			name = Extensions;
			sourceTree = "<group>";
		};
		52FB3710260E1FD700F74B75 = {
			isa = PBXGroup;
			children = (
				52FB371B260E1FD700F74B75 /* SegmentedControl */,
				52FB372E260E1FD800F74B75 /* SegmentedControlTests */,
				52FB371A260E1FD700F74B75 /* Products */,
			);
			sourceTree = "<group>";
		};
		52FB371A260E1FD700F74B75 /* Products */ = {
			isa = PBXGroup;
			children = (
				52FB3719260E1FD700F74B75 /* SegmentedControl.app */,
				52FB372B260E1FD800F74B75 /* SegmentedControlTests.xctest */,
			);
			name = Products;
			sourceTree = "<group>";
		};
		52FB371B260E1FD700F74B75 /* SegmentedControl */ = {
			isa = PBXGroup;
			children = (
				52FB371C260E1FD700F74B75 /* AppDelegate.swift */,
				52FB374B260E200100F74B75 /* SegmentedControl.swift */,
				52FB371E260E1FD700F74B75 /* ViewController.swift */,
				52FB3722260E1FD800F74B75 /* Main.storyboard */,
				5242F3E226133DD700E305E4 /* Extensions */,
				52FB3754260E205D00F74B75 /* Supporting Files */,
			);
			path = SegmentedControl;
			sourceTree = "<group>";
		};
		52FB372E260E1FD800F74B75 /* SegmentedControlTests */ = {
			isa = PBXGroup;
			children = (
				52FB372F260E1FD800F74B75 /* SegmentedControlTests.swift */,
				52FB3731260E1FD800F74B75 /* Info.plist */,
			);
			path = SegmentedControlTests;
			sourceTree = "<group>";
		};
		52FB3754260E205D00F74B75 /* Supporting Files */ = {
			isa = PBXGroup;
			children = (
				52FB3720260E1FD800F74B75 /* Assets.xcassets */,
				52FB3725260E1FD800F74B75 /* Info.plist */,
				52FB3726260E1FD800F74B75 /* SegmentedControl.entitlements */,
			);
			name = "Supporting Files";
			sourceTree = "<group>";
		};
/* End PBXGroup section */

/* Begin PBXNativeTarget section */
		52FB3718260E1FD700F74B75 /* SegmentedControl */ = {
			isa = PBXNativeTarget;
			buildConfigurationList = 52FB373F260E1FD800F74B75 /* Build configuration list for PBXNativeTarget "SegmentedControl" */;
			buildPhases = (
				52FB3715260E1FD700F74B75 /* Sources */,
				52FB3716260E1FD700F74B75 /* Frameworks */,
				52FB3717260E1FD700F74B75 /* Resources */,
			);
			buildRules = (
			);
			dependencies = (
			);
			name = SegmentedControl;
			productName = SegmentedControl;
			productReference = 52FB3719260E1FD700F74B75 /* SegmentedControl.app */;
			productType = "com.apple.product-type.application";
		};
		52FB372A260E1FD800F74B75 /* SegmentedControlTests */ = {
			isa = PBXNativeTarget;
			buildConfigurationList = 52FB3742260E1FD800F74B75 /* Build configuration list for PBXNativeTarget "SegmentedControlTests" */;
			buildPhases = (
				52FB3727260E1FD800F74B75 /* Sources */,
				52FB3728260E1FD800F74B75 /* Frameworks */,
				52FB3729260E1FD800F74B75 /* Resources */,
			);
			buildRules = (
			);
			dependencies = (
				52FB372D260E1FD800F74B75 /* PBXTargetDependency */,
			);
			name = SegmentedControlTests;
			productName = SegmentedControlTests;
			productReference = 52FB372B260E1FD800F74B75 /* SegmentedControlTests.xctest */;
			productType = "com.apple.product-type.bundle.unit-test";
		};
/* End PBXNativeTarget section */

/* Begin PBXProject section */
		52FB3711260E1FD700F74B75 /* Project object */ = {
			isa = PBXProject;
			attributes = {
				LastSwiftUpdateCheck = 1240;
				LastUpgradeCheck = 1240;
				TargetAttributes = {
					52FB3718260E1FD700F74B75 = {
						CreatedOnToolsVersion = 12.4;
					};
					52FB372A260E1FD800F74B75 = {
						CreatedOnToolsVersion = 12.4;
						TestTargetID = 52FB3718260E1FD700F74B75;
					};
				};
			};
			buildConfigurationList = 52FB3714260E1FD700F74B75 /* Build configuration list for PBXProject "SegmentedControl" */;
			compatibilityVersion = "Xcode 9.3";
			developmentRegion = en;
			hasScannedForEncodings = 0;
			knownRegions = (
				en,
				Base,
			);
			mainGroup = 52FB3710260E1FD700F74B75;
			productRefGroup = 52FB371A260E1FD700F74B75 /* Products */;
			projectDirPath = "";
			projectRoot = "";
			targets = (
				52FB3718260E1FD700F74B75 /* SegmentedControl */,
				52FB372A260E1FD800F74B75 /* SegmentedControlTests */,
			);
		};
/* End PBXProject section */

/* Begin PBXResourcesBuildPhase section */
		52FB3717260E1FD700F74B75 /* Resources */ = {
			isa = PBXResourcesBuildPhase;
			buildActionMask = 2147483647;
			files = (
				52FB3721260E1FD800F74B75 /* Assets.xcassets in Resources */,
				52FB3724260E1FD800F74B75 /* Main.storyboard in Resources */,
			);
			runOnlyForDeploymentPostprocessing = 0;
		};
		52FB3729260E1FD800F74B75 /* Resources */ = {
			isa = PBXResourcesBuildPhase;
			buildActionMask = 2147483647;
			files = (
			);
			runOnlyForDeploymentPostprocessing = 0;
		};
/* End PBXResourcesBuildPhase section */

/* Begin PBXSourcesBuildPhase section */
		52FB3715260E1FD700F74B75 /* Sources */ = {
			isa = PBXSourcesBuildPhase;
			buildActionMask = 2147483647;
			files = (
				5242F3E626135D7500E305E4 /* NSApplication.swift in Sources */,
				5242F3D626131FFE00E305E4 /* CATransaction.swift in Sources */,
				5242F3DE26133DC600E305E4 /* NSColor.swift in Sources */,
				52FB371F260E1FD700F74B75 /* ViewController.swift in Sources */,
				52185C7626147B2100F11C05 /* NSImage.swift in Sources */,
				52FB374C260E200100F74B75 /* SegmentedControl.swift in Sources */,
				52FB371D260E1FD700F74B75 /* AppDelegate.swift in Sources */,
			);
			runOnlyForDeploymentPostprocessing = 0;
		};
		52FB3727260E1FD800F74B75 /* Sources */ = {
			isa = PBXSourcesBuildPhase;
			buildActionMask = 2147483647;
			files = (
				52FB3730260E1FD800F74B75 /* SegmentedControlTests.swift in Sources */,
			);
			runOnlyForDeploymentPostprocessing = 0;
		};
/* End PBXSourcesBuildPhase section */

/* Begin PBXTargetDependency section */
		52FB372D260E1FD800F74B75 /* PBXTargetDependency */ = {
			isa = PBXTargetDependency;
			target = 52FB3718260E1FD700F74B75 /* SegmentedControl */;
			targetProxy = 52FB372C260E1FD800F74B75 /* PBXContainerItemProxy */;
		};
/* End PBXTargetDependency section */

/* Begin PBXVariantGroup section */
		52FB3722260E1FD800F74B75 /* Main.storyboard */ = {
			isa = PBXVariantGroup;
			children = (
				52FB3723260E1FD800F74B75 /* Base */,
			);
			name = Main.storyboard;
			sourceTree = "<group>";
		};
/* End PBXVariantGroup section */

/* Begin XCBuildConfiguration section */
		52FB373D260E1FD800F74B75 /* Debug */ = {
			isa = XCBuildConfiguration;
			buildSettings = {
				ALWAYS_SEARCH_USER_PATHS = NO;
				CLANG_ANALYZER_NONNULL = YES;
				CLANG_ANALYZER_NUMBER_OBJECT_CONVERSION = YES_AGGRESSIVE;
				CLANG_CXX_LANGUAGE_STANDARD = "gnu++14";
				CLANG_CXX_LIBRARY = "libc++";
				CLANG_ENABLE_MODULES = YES;
				CLANG_ENABLE_OBJC_ARC = YES;
				CLANG_ENABLE_OBJC_WEAK = YES;
				CLANG_WARN_BLOCK_CAPTURE_AUTORELEASING = YES;
				CLANG_WARN_BOOL_CONVERSION = YES;
				CLANG_WARN_COMMA = YES;
				CLANG_WARN_CONSTANT_CONVERSION = YES;
				CLANG_WARN_DEPRECATED_OBJC_IMPLEMENTATIONS = YES;
				CLANG_WARN_DIRECT_OBJC_ISA_USAGE = YES_ERROR;
				CLANG_WARN_DOCUMENTATION_COMMENTS = YES;
				CLANG_WARN_EMPTY_BODY = YES;
				CLANG_WARN_ENUM_CONVERSION = YES;
				CLANG_WARN_INFINITE_RECURSION = YES;
				CLANG_WARN_INT_CONVERSION = YES;
				CLANG_WARN_NON_LITERAL_NULL_CONVERSION = YES;
				CLANG_WARN_OBJC_IMPLICIT_RETAIN_SELF = YES;
				CLANG_WARN_OBJC_LITERAL_CONVERSION = YES;
				CLANG_WARN_OBJC_ROOT_CLASS = YES_ERROR;
				CLANG_WARN_QUOTED_INCLUDE_IN_FRAMEWORK_HEADER = YES;
				CLANG_WARN_RANGE_LOOP_ANALYSIS = YES;
				CLANG_WARN_STRICT_PROTOTYPES = YES;
				CLANG_WARN_SUSPICIOUS_MOVE = YES;
				CLANG_WARN_UNGUARDED_AVAILABILITY = YES_AGGRESSIVE;
				CLANG_WARN_UNREACHABLE_CODE = YES;
				CLANG_WARN__DUPLICATE_METHOD_MATCH = YES;
				COPY_PHASE_STRIP = NO;
				DEBUG_INFORMATION_FORMAT = dwarf;
				ENABLE_STRICT_OBJC_MSGSEND = YES;
				ENABLE_TESTABILITY = YES;
				GCC_C_LANGUAGE_STANDARD = gnu11;
				GCC_DYNAMIC_NO_PIC = NO;
				GCC_NO_COMMON_BLOCKS = YES;
				GCC_OPTIMIZATION_LEVEL = 0;
				GCC_PREPROCESSOR_DEFINITIONS = (
					"DEBUG=1",
					"$(inherited)",
				);
				GCC_WARN_64_TO_32_BIT_CONVERSION = YES;
				GCC_WARN_ABOUT_RETURN_TYPE = YES_ERROR;
				GCC_WARN_UNDECLARED_SELECTOR = YES;
				GCC_WARN_UNINITIALIZED_AUTOS = YES_AGGRESSIVE;
				GCC_WARN_UNUSED_FUNCTION = YES;
				GCC_WARN_UNUSED_VARIABLE = YES;
				MACOSX_DEPLOYMENT_TARGET = 10.15;
				MTL_ENABLE_DEBUG_INFO = INCLUDE_SOURCE;
				MTL_FAST_MATH = YES;
				ONLY_ACTIVE_ARCH = YES;
				SDKROOT = macosx;
				SWIFT_ACTIVE_COMPILATION_CONDITIONS = DEBUG;
				SWIFT_OPTIMIZATION_LEVEL = "-Onone";
			};
			name = Debug;
		};
		52FB373E260E1FD800F74B75 /* Release */ = {
			isa = XCBuildConfiguration;
			buildSettings = {
				ALWAYS_SEARCH_USER_PATHS = NO;
				CLANG_ANALYZER_NONNULL = YES;
				CLANG_ANALYZER_NUMBER_OBJECT_CONVERSION = YES_AGGRESSIVE;
				CLANG_CXX_LANGUAGE_STANDARD = "gnu++14";
				CLANG_CXX_LIBRARY = "libc++";
				CLANG_ENABLE_MODULES = YES;
				CLANG_ENABLE_OBJC_ARC = YES;
				CLANG_ENABLE_OBJC_WEAK = YES;
				CLANG_WARN_BLOCK_CAPTURE_AUTORELEASING = YES;
				CLANG_WARN_BOOL_CONVERSION = YES;
				CLANG_WARN_COMMA = YES;
				CLANG_WARN_CONSTANT_CONVERSION = YES;
				CLANG_WARN_DEPRECATED_OBJC_IMPLEMENTATIONS = YES;
				CLANG_WARN_DIRECT_OBJC_ISA_USAGE = YES_ERROR;
				CLANG_WARN_DOCUMENTATION_COMMENTS = YES;
				CLANG_WARN_EMPTY_BODY = YES;
				CLANG_WARN_ENUM_CONVERSION = YES;
				CLANG_WARN_INFINITE_RECURSION = YES;
				CLANG_WARN_INT_CONVERSION = YES;
				CLANG_WARN_NON_LITERAL_NULL_CONVERSION = YES;
				CLANG_WARN_OBJC_IMPLICIT_RETAIN_SELF = YES;
				CLANG_WARN_OBJC_LITERAL_CONVERSION = YES;
				CLANG_WARN_OBJC_ROOT_CLASS = YES_ERROR;
				CLANG_WARN_QUOTED_INCLUDE_IN_FRAMEWORK_HEADER = YES;
				CLANG_WARN_RANGE_LOOP_ANALYSIS = YES;
				CLANG_WARN_STRICT_PROTOTYPES = YES;
				CLANG_WARN_SUSPICIOUS_MOVE = YES;
				CLANG_WARN_UNGUARDED_AVAILABILITY = YES_AGGRESSIVE;
				CLANG_WARN_UNREACHABLE_CODE = YES;
				CLANG_WARN__DUPLICATE_METHOD_MATCH = YES;
				COPY_PHASE_STRIP = NO;
				DEBUG_INFORMATION_FORMAT = "dwarf-with-dsym";
				ENABLE_NS_ASSERTIONS = NO;
				ENABLE_STRICT_OBJC_MSGSEND = YES;
				GCC_C_LANGUAGE_STANDARD = gnu11;
				GCC_NO_COMMON_BLOCKS = YES;
				GCC_WARN_64_TO_32_BIT_CONVERSION = YES;
				GCC_WARN_ABOUT_RETURN_TYPE = YES_ERROR;
				GCC_WARN_UNDECLARED_SELECTOR = YES;
				GCC_WARN_UNINITIALIZED_AUTOS = YES_AGGRESSIVE;
				GCC_WARN_UNUSED_FUNCTION = YES;
				GCC_WARN_UNUSED_VARIABLE = YES;
				MACOSX_DEPLOYMENT_TARGET = 10.15;
				MTL_ENABLE_DEBUG_INFO = NO;
				MTL_FAST_MATH = YES;
				SDKROOT = macosx;
				SWIFT_COMPILATION_MODE = wholemodule;
				SWIFT_OPTIMIZATION_LEVEL = "-O";
			};
			name = Release;
		};
		52FB3740260E1FD800F74B75 /* Debug */ = {
			isa = XCBuildConfiguration;
			buildSettings = {
				ASSETCATALOG_COMPILER_APPICON_NAME = AppIcon;
				ASSETCATALOG_COMPILER_GLOBAL_ACCENT_COLOR_NAME = AccentColor;
				CODE_SIGN_ENTITLEMENTS = SegmentedControl/SegmentedControl.entitlements;
				CODE_SIGN_STYLE = Automatic;
				COMBINE_HIDPI_IMAGES = YES;
				DEVELOPMENT_TEAM = AMC88E6FEN;
				ENABLE_HARDENED_RUNTIME = YES;
				INFOPLIST_FILE = SegmentedControl/Info.plist;
				LD_RUNPATH_SEARCH_PATHS = (
					"$(inherited)",
					"@executable_path/../Frameworks",
				);
				MACOSX_DEPLOYMENT_TARGET = 10.15;
				PRODUCT_BUNDLE_IDENTIFIER = com.raycast.SegmentedControl;
				PRODUCT_NAME = "$(TARGET_NAME)";
				SWIFT_VERSION = 5.0;
			};
			name = Debug;
		};
		52FB3741260E1FD800F74B75 /* Release */ = {
			isa = XCBuildConfiguration;
			buildSettings = {
				ASSETCATALOG_COMPILER_APPICON_NAME = AppIcon;
				ASSETCATALOG_COMPILER_GLOBAL_ACCENT_COLOR_NAME = AccentColor;
				CODE_SIGN_ENTITLEMENTS = SegmentedControl/SegmentedControl.entitlements;
				CODE_SIGN_STYLE = Automatic;
				COMBINE_HIDPI_IMAGES = YES;
				DEVELOPMENT_TEAM = AMC88E6FEN;
				ENABLE_HARDENED_RUNTIME = YES;
				INFOPLIST_FILE = SegmentedControl/Info.plist;
				LD_RUNPATH_SEARCH_PATHS = (
					"$(inherited)",
					"@executable_path/../Frameworks",
				);
				MACOSX_DEPLOYMENT_TARGET = 10.15;
				PRODUCT_BUNDLE_IDENTIFIER = com.raycast.SegmentedControl;
				PRODUCT_NAME = "$(TARGET_NAME)";
				SWIFT_VERSION = 5.0;
			};
			name = Release;
		};
		52FB3743260E1FD800F74B75 /* Debug */ = {
			isa = XCBuildConfiguration;
			buildSettings = {
				ALWAYS_EMBED_SWIFT_STANDARD_LIBRARIES = YES;
				BUNDLE_LOADER = "$(TEST_HOST)";
				CODE_SIGN_STYLE = Automatic;
				COMBINE_HIDPI_IMAGES = YES;
				DEVELOPMENT_TEAM = AMC88E6FEN;
				INFOPLIST_FILE = SegmentedControlTests/Info.plist;
				LD_RUNPATH_SEARCH_PATHS = (
					"$(inherited)",
					"@executable_path/../Frameworks",
					"@loader_path/../Frameworks",
				);
				MACOSX_DEPLOYMENT_TARGET = 11.1;
				PRODUCT_BUNDLE_IDENTIFIER = com.raycast.SegmentedControlTests;
				PRODUCT_NAME = "$(TARGET_NAME)";
				SWIFT_VERSION = 5.0;
				TEST_HOST = "$(BUILT_PRODUCTS_DIR)/SegmentedControl.app/Contents/MacOS/SegmentedControl";
			};
			name = Debug;
		};
		52FB3744260E1FD800F74B75 /* Release */ = {
			isa = XCBuildConfiguration;
			buildSettings = {
				ALWAYS_EMBED_SWIFT_STANDARD_LIBRARIES = YES;
				BUNDLE_LOADER = "$(TEST_HOST)";
				CODE_SIGN_STYLE = Automatic;
				COMBINE_HIDPI_IMAGES = YES;
				DEVELOPMENT_TEAM = AMC88E6FEN;
				INFOPLIST_FILE = SegmentedControlTests/Info.plist;
				LD_RUNPATH_SEARCH_PATHS = (
					"$(inherited)",
					"@executable_path/../Frameworks",
					"@loader_path/../Frameworks",
				);
				MACOSX_DEPLOYMENT_TARGET = 11.1;
				PRODUCT_BUNDLE_IDENTIFIER = com.raycast.SegmentedControlTests;
				PRODUCT_NAME = "$(TARGET_NAME)";
				SWIFT_VERSION = 5.0;
				TEST_HOST = "$(BUILT_PRODUCTS_DIR)/SegmentedControl.app/Contents/MacOS/SegmentedControl";
			};
			name = Release;
		};
/* End XCBuildConfiguration section */

/* Begin XCConfigurationList section */
		52FB3714260E1FD700F74B75 /* Build configuration list for PBXProject "SegmentedControl" */ = {
			isa = XCConfigurationList;
			buildConfigurations = (
				52FB373D260E1FD800F74B75 /* Debug */,
				52FB373E260E1FD800F74B75 /* Release */,
			);
			defaultConfigurationIsVisible = 0;
			defaultConfigurationName = Release;
		};
		52FB373F260E1FD800F74B75 /* Build configuration list for PBXNativeTarget "SegmentedControl" */ = {
			isa = XCConfigurationList;
			buildConfigurations = (
				52FB3740260E1FD800F74B75 /* Debug */,
				52FB3741260E1FD800F74B75 /* Release */,
			);
			defaultConfigurationIsVisible = 0;
			defaultConfigurationName = Release;
		};
		52FB3742260E1FD800F74B75 /* Build configuration list for PBXNativeTarget "SegmentedControlTests" */ = {
			isa = XCConfigurationList;
			buildConfigurations = (
				52FB3743260E1FD800F74B75 /* Debug */,
				52FB3744260E1FD800F74B75 /* Release */,
			);
			defaultConfigurationIsVisible = 0;
			defaultConfigurationName = Release;
		};
/* End XCConfigurationList section */
	};
	rootObject = 52FB3711260E1FD700F74B75 /* Project object */;
}
